
Microsoft Visual Studio Solution File, Format Version 12.00
# Visual Studio 15
Project("{FAE04EC0-301F-11D3-BF4B-00C04F79EFBC}") = "Assembly-CSharp", "Assembly-CSharp.csproj", "{9035BA03-4E6D-44E2-AFC3-C0D41AEF14ED}"
EndProject
Global
	GlobalSection(SolutionConfigurationPlatforms) = preSolution
		Debug|Any CPU = Debug|Any CPU
		Release|Any CPU = Release|Any CPU
	EndGlobalSection
	GlobalSection(ProjectConfigurationPlatforms) = postSolution
		{9035BA03-4E6D-44E2-AFC3-C0D41AEF14ED}.Debug|Any CPU.ActiveCfg = Debug|Any CPU
		{9035BA03-4E6D-44E2-AFC3-C0D41AEF14ED}.Debug|Any CPU.Build.0 = Debug|Any CPU
		{9035BA03-4E6D-44E2-AFC3-C0D41AEF14ED}.Release|Any CPU.ActiveCfg = Release|Any CPU
		{9035BA03-4E6D-44E2-AFC3-C0D41AEF14ED}.Release|Any CPU.Build.0 = Release|Any CPU
	EndGlobalSection
	GlobalSection(SolutionProperties) = preSolution
		HideSolutionNode = FALSE
	EndGlobalSection
EndGlobal
